
Microsoft Visual Studio Solution File, Format Version 12.00
# Visual Studio 2012
Project("{262852C6-CD72-467D-83FE-5EEB1973A190}") = "App1", "App1\App1.jsproj", "{10F1F156-40BD-4130-A170-CE5D56C81DED}"
EndProject
Global
	GlobalSection(SolutionConfigurationPlatforms) = preSolution
		Debug|Any CPU = Debug|Any CPU
		Debug|ARM = Debug|ARM
		Debug|x64 = Debug|x64
		Debug|x86 = Debug|x86
		Release|Any CPU = Release|Any CPU
		Release|ARM = Release|ARM
		Release|x64 = Release|x64
		Release|x86 = Release|x86
	EndGlobalSection
	GlobalSection(ProjectConfigurationPlatforms) = postSolution
		{10F1F156-40BD-4130-A170-CE5D56C81DED}.Debug|Any CPU.ActiveCfg = Debug|Any CPU
		{10F1F156-40BD-4130-A170-CE5D56C81DED}.Debug|Any CPU.Build.0 = Debug|Any CPU
		{10F1F156-40BD-4130-A170-CE5D56C81DED}.Debug|Any CPU.Deploy.0 = Debug|Any CPU
		{10F1F156-40BD-4130-A170-CE5D56C81DED}.Debug|ARM.ActiveCfg = Debug|ARM
		{10F1F156-40BD-4130-A170-CE5D56C81DED}.Debug|ARM.Build.0 = Debug|ARM
		{10F1F156-40BD-4130-A170-CE5D56C81DED}.Debug|ARM.Deploy.0 = Debug|ARM
		{10F1F156-40BD-4130-A170-CE5D56C81DED}.Debug|x64.ActiveCfg = Debug|x64
		{10F1F156-40BD-4130-A170-CE5D56C81DED}.Debug|x64.Build.0 = Debug|x64
		{10F1F156-40BD-4130-A170-CE5D56C81DED}.Debug|x64.Deploy.0 = Debug|x64
		{10F1F156-40BD-4130-A170-CE5D56C81DED}.Debug|x86.ActiveCfg = Debug|x86
		{10F1F156-40BD-4130-A170-CE5D56C81DED}.Debug|x86.Build.0 = Debug|x86
		{10F1F156-40BD-4130-A170-CE5D56C81DED}.Debug|x86.Deploy.0 = Debug|x86
		{10F1F156-40BD-4130-A170-CE5D56C81DED}.Release|Any CPU.ActiveCfg = Release|Any CPU
		{10F1F156-40BD-4130-A170-CE5D56C81DED}.Release|Any CPU.Build.0 = Release|Any CPU
		{10F1F156-40BD-4130-A170-CE5D56C81DED}.Release|Any CPU.Deploy.0 = Release|Any CPU
		{10F1F156-40BD-4130-A170-CE5D56C81DED}.Release|ARM.ActiveCfg = Release|ARM
		{10F1F156-40BD-4130-A170-CE5D56C81DED}.Release|ARM.Build.0 = Release|ARM
		{10F1F156-40BD-4130-A170-CE5D56C81DED}.Release|ARM.Deploy.0 = Release|ARM
		{10F1F156-40BD-4130-A170-CE5D56C81DED}.Release|x64.ActiveCfg = Release|x64
		{10F1F156-40BD-4130-A170-CE5D56C81DED}.Release|x64.Build.0 = Release|x64
		{10F1F156-40BD-4130-A170-CE5D56C81DED}.Release|x64.Deploy.0 = Release|x64
		{10F1F156-40BD-4130-A170-CE5D56C81DED}.Release|x86.ActiveCfg = Release|x86
		{10F1F156-40BD-4130-A170-CE5D56C81DED}.Release|x86.Build.0 = Release|x86
		{10F1F156-40BD-4130-A170-CE5D56C81DED}.Release|x86.Deploy.0 = Release|x86
	EndGlobalSection
	GlobalSection(SolutionProperties) = preSolution
		HideSolutionNode = FALSE
	EndGlobalSection
EndGlobal
